
Microsoft Visual Studio Solution File, Format Version 11.00
# Visual Studio 2010
Project("{8BC9CEB8-8B4A-11D0-8D11-00A0C91BC942}") = "11.test.Date", "11.test.Date\11.test.Date.vcxproj", "{F5BF725D-09A5-455A-8CAA-FA6159CFCDF9}"
EndProject
Global
	GlobalSection(SolutionConfigurationPlatforms) = preSolution
		Debug|Win32 = Debug|Win32
		Release|Win32 = Release|Win32
	EndGlobalSection
	GlobalSection(ProjectConfigurationPlatforms) = postSolution
		{F5BF725D-09A5-455A-8CAA-FA6159CFCDF9}.Debug|Win32.ActiveCfg = Debug|Win32
		{F5BF725D-09A5-455A-8CAA-FA6159CFCDF9}.Debug|Win32.Build.0 = Debug|Win32
		{F5BF725D-09A5-455A-8CAA-FA6159CFCDF9}.Release|Win32.ActiveCfg = Release|Win32
		{F5BF725D-09A5-455A-8CAA-FA6159CFCDF9}.Release|Win32.Build.0 = Release|Win32
	EndGlobalSection
	GlobalSection(SolutionProperties) = preSolution
		HideSolutionNode = FALSE
	EndGlobalSection
EndGlobal
