
Microsoft Visual Studio Solution File, Format Version 11.00
# Visual Studio 2010
Project("{8BC9CEB8-8B4A-11D0-8D11-00A0C91BC942}") = "9.8", "9.8\9.8.vcxproj", "{D0C192EA-1F86-4EEC-9CD6-CB620DA4B238}"
EndProject
Global
	GlobalSection(SolutionConfigurationPlatforms) = preSolution
		Debug|Win32 = Debug|Win32
		Release|Win32 = Release|Win32
	EndGlobalSection
	GlobalSection(ProjectConfigurationPlatforms) = postSolution
		{D0C192EA-1F86-4EEC-9CD6-CB620DA4B238}.Debug|Win32.ActiveCfg = Debug|Win32
		{D0C192EA-1F86-4EEC-9CD6-CB620DA4B238}.Debug|Win32.Build.0 = Debug|Win32
		{D0C192EA-1F86-4EEC-9CD6-CB620DA4B238}.Release|Win32.ActiveCfg = Release|Win32
		{D0C192EA-1F86-4EEC-9CD6-CB620DA4B238}.Release|Win32.Build.0 = Release|Win32
	EndGlobalSection
	GlobalSection(SolutionProperties) = preSolution
		HideSolutionNode = FALSE
	EndGlobalSection
EndGlobal
