
Microsoft Visual Studio Solution File, Format Version 11.00
# Visual Studio 2010
Project("{8BC9CEB8-8B4A-11D0-8D11-00A0C91BC942}") = "11.test.Array.", "11.test.Array.\11.test.Array..vcxproj", "{488C4958-8C11-4CB2-A9E5-74865BCB390F}"
EndProject
Global
	GlobalSection(SolutionConfigurationPlatforms) = preSolution
		Debug|Win32 = Debug|Win32
		Release|Win32 = Release|Win32
	EndGlobalSection
	GlobalSection(ProjectConfigurationPlatforms) = postSolution
		{488C4958-8C11-4CB2-A9E5-74865BCB390F}.Debug|Win32.ActiveCfg = Debug|Win32
		{488C4958-8C11-4CB2-A9E5-74865BCB390F}.Debug|Win32.Build.0 = Debug|Win32
		{488C4958-8C11-4CB2-A9E5-74865BCB390F}.Release|Win32.ActiveCfg = Release|Win32
		{488C4958-8C11-4CB2-A9E5-74865BCB390F}.Release|Win32.Build.0 = Release|Win32
	EndGlobalSection
	GlobalSection(SolutionProperties) = preSolution
		HideSolutionNode = FALSE
	EndGlobalSection
EndGlobal
