
Microsoft Visual Studio Solution File, Format Version 11.00
# Visual Studio 2010
Project("{8BC9CEB8-8B4A-11D0-8D11-00A0C91BC942}") = "14.stack template.test", "14.stack template.test\14.stack template.test.vcxproj", "{BC1FE0DE-94FD-498F-BEC6-E58CB67E9639}"
EndProject
Global
	GlobalSection(SolutionConfigurationPlatforms) = preSolution
		Debug|Win32 = Debug|Win32
		Release|Win32 = Release|Win32
	EndGlobalSection
	GlobalSection(ProjectConfigurationPlatforms) = postSolution
		{BC1FE0DE-94FD-498F-BEC6-E58CB67E9639}.Debug|Win32.ActiveCfg = Debug|Win32
		{BC1FE0DE-94FD-498F-BEC6-E58CB67E9639}.Debug|Win32.Build.0 = Debug|Win32
		{BC1FE0DE-94FD-498F-BEC6-E58CB67E9639}.Release|Win32.ActiveCfg = Release|Win32
		{BC1FE0DE-94FD-498F-BEC6-E58CB67E9639}.Release|Win32.Build.0 = Release|Win32
	EndGlobalSection
	GlobalSection(SolutionProperties) = preSolution
		HideSolutionNode = FALSE
	EndGlobalSection
EndGlobal
