
Microsoft Visual Studio Solution File, Format Version 11.00
# Visual Studio 2010
Project("{8BC9CEB8-8B4A-11D0-8D11-00A0C91BC942}") = "testing first multithread program", "testing first multithread program\testing first multithread program.vcxproj", "{BA2BEE18-5BE2-42AA-8D52-093037C001DF}"
EndProject
Project("{8BC9CEB8-8B4A-11D0-8D11-00A0C91BC942}") = "7.final Credit program test", "..\7.final Credit program test\7.final credit program test\7.final Credit program test.vcxproj", "{03C138EB-5FBE-45A1-A1D5-21FEC3AD6E94}"
EndProject
Project("{8BC9CEB8-8B4A-11D0-8D11-00A0C91BC942}") = "17.control tarakonesh", "..\7.final Credit program test\17.control tarakonesh\17.control tarakonesh.vcxproj", "{58183B23-A214-4050-940C-B3C9CC6F980B}"
EndProject
Project("{8BC9CEB8-8B4A-11D0-8D11-00A0C91BC942}") = "creat random access file with 100 blankrecord", "..\7.final Credit program test\creat random access file with 100 blankrecord\creat random access file with 100 blankrecord.vcxproj", "{2D2BE9E4-A1CF-4467-9A01-3EF31A18DCB2}"
EndProject
Project("{8BC9CEB8-8B4A-11D0-8D11-00A0C91BC942}") = "writing", "writing\writing.vcxproj", "{E2DCD442-E3DE-41CB-9598-1F29C7A975B6}"
EndProject
Project("{8BC9CEB8-8B4A-11D0-8D11-00A0C91BC942}") = "definition of class client data", "definition of class client data\definition of class client data.vcxproj", "{04E281D8-34CA-4E1A-BACA-6E5AC9370E09}"
EndProject
Global
	GlobalSection(SolutionConfigurationPlatforms) = preSolution
		Debug|Win32 = Debug|Win32
		Release|Win32 = Release|Win32
	EndGlobalSection
	GlobalSection(ProjectConfigurationPlatforms) = postSolution
		{BA2BEE18-5BE2-42AA-8D52-093037C001DF}.Debug|Win32.ActiveCfg = Debug|Win32
		{BA2BEE18-5BE2-42AA-8D52-093037C001DF}.Debug|Win32.Build.0 = Debug|Win32
		{BA2BEE18-5BE2-42AA-8D52-093037C001DF}.Release|Win32.ActiveCfg = Release|Win32
		{BA2BEE18-5BE2-42AA-8D52-093037C001DF}.Release|Win32.Build.0 = Release|Win32
		{03C138EB-5FBE-45A1-A1D5-21FEC3AD6E94}.Debug|Win32.ActiveCfg = Debug|Win32
		{03C138EB-5FBE-45A1-A1D5-21FEC3AD6E94}.Debug|Win32.Build.0 = Debug|Win32
		{03C138EB-5FBE-45A1-A1D5-21FEC3AD6E94}.Release|Win32.ActiveCfg = Release|Win32
		{03C138EB-5FBE-45A1-A1D5-21FEC3AD6E94}.Release|Win32.Build.0 = Release|Win32
		{58183B23-A214-4050-940C-B3C9CC6F980B}.Debug|Win32.ActiveCfg = Debug|Win32
		{58183B23-A214-4050-940C-B3C9CC6F980B}.Debug|Win32.Build.0 = Debug|Win32
		{58183B23-A214-4050-940C-B3C9CC6F980B}.Release|Win32.ActiveCfg = Release|Win32
		{58183B23-A214-4050-940C-B3C9CC6F980B}.Release|Win32.Build.0 = Release|Win32
		{2D2BE9E4-A1CF-4467-9A01-3EF31A18DCB2}.Debug|Win32.ActiveCfg = Debug|Win32
		{2D2BE9E4-A1CF-4467-9A01-3EF31A18DCB2}.Debug|Win32.Build.0 = Debug|Win32
		{2D2BE9E4-A1CF-4467-9A01-3EF31A18DCB2}.Release|Win32.ActiveCfg = Release|Win32
		{2D2BE9E4-A1CF-4467-9A01-3EF31A18DCB2}.Release|Win32.Build.0 = Release|Win32
		{E2DCD442-E3DE-41CB-9598-1F29C7A975B6}.Debug|Win32.ActiveCfg = Debug|Win32
		{E2DCD442-E3DE-41CB-9598-1F29C7A975B6}.Debug|Win32.Build.0 = Debug|Win32
		{E2DCD442-E3DE-41CB-9598-1F29C7A975B6}.Release|Win32.ActiveCfg = Release|Win32
		{E2DCD442-E3DE-41CB-9598-1F29C7A975B6}.Release|Win32.Build.0 = Release|Win32
		{04E281D8-34CA-4E1A-BACA-6E5AC9370E09}.Debug|Win32.ActiveCfg = Debug|Win32
		{04E281D8-34CA-4E1A-BACA-6E5AC9370E09}.Debug|Win32.Build.0 = Debug|Win32
		{04E281D8-34CA-4E1A-BACA-6E5AC9370E09}.Release|Win32.ActiveCfg = Release|Win32
		{04E281D8-34CA-4E1A-BACA-6E5AC9370E09}.Release|Win32.Build.0 = Release|Win32
	EndGlobalSection
	GlobalSection(SolutionProperties) = preSolution
		HideSolutionNode = FALSE
	EndGlobalSection
EndGlobal
